
Microsoft Visual Studio Solution File, Format Version 12.00
# Visual Studio 15
VisualStudioVersion = 15.0.27703.2042
MinimumVisualStudioVersion = 10.0.40219.1
Project("{DA7A21FA-8162-4350-AD77-A8D1B671F3ED}") = "P2S-animations", "P2S-animations\P2S-animations.rxproj", "{D1A99273-CA1D-440F-AE01-C4E1BBE96F00}"
EndProject
Global
	GlobalSection(SolutionConfigurationPlatforms) = preSolution
		Debug|Any CPU = Debug|Any CPU
		Release|Any CPU = Release|Any CPU
	EndGlobalSection
	GlobalSection(ProjectConfigurationPlatforms) = postSolution
		{D1A99273-CA1D-440F-AE01-C4E1BBE96F00}.Debug|Any CPU.ActiveCfg = Debug|Any CPU
		{D1A99273-CA1D-440F-AE01-C4E1BBE96F00}.Debug|Any CPU.Build.0 = Debug|Any CPU
		{D1A99273-CA1D-440F-AE01-C4E1BBE96F00}.Release|Any CPU.ActiveCfg = Release|Any CPU
		{D1A99273-CA1D-440F-AE01-C4E1BBE96F00}.Release|Any CPU.Build.0 = Release|Any CPU
	EndGlobalSection
	GlobalSection(SolutionProperties) = preSolution
		HideSolutionNode = FALSE
	EndGlobalSection
	GlobalSection(ExtensibilityGlobals) = postSolution
		SolutionGuid = {CA332476-8732-451D-8226-62D352B2A24E}
	EndGlobalSection
EndGlobal
